AuthUnlock:
   MobileId_AuthUnLock_Valid_UIN_All:
      endPoint: /residentmobileapp/req/auth/unlock
      role: resident
      restMethod: post
      inputTemplate: mobileId/AuthUnLock/createAuthUnLock
      outputTemplate: mobileId/AuthUnLock/createAuthUnLockResult
      input: '{
        "transactionID": "$TRANSACTIONID$",
        "individualId": "$ID:AddIdentity_withValidParameters_smoke_Pos_UIN$",
        "individualIdType": "UIN",
        "unlockForSeconds": "1",
        "authType": [{auth: "bio-Iris"},{auth: "demo"},{auth: "bio-FACE"}],
        "otp": "$ID:AddIdentity_withValidParameters_smoke_Pos_EMAIL$",
        "sendOtp":{
    "transactionID": "$TRANSACTIONID$",
    "requestTime": "$TIMESTAMP$",
    "individualId": "$ID:AddIdentity_withValidParameters_smoke_Pos_UIN$",
    "individualIdType": "UIN",
    "sendOtpReqTemplate": "mobileId/SendOTP/createSendOTP",
    "sendOtpEndPoint": "/residentmobileapp/req/otp"
    }
    }'
      output: '{
  "registrationId": "$IGNORE$",
  "message": "Notification has been sent to the provided contact detail(s)",
  "sendOtpResp":{
        "maskedMobile": "XXXXXX3210",
        "sendOtpResTemplate":"mobileId/SendOTP/createSendOTPResult",
        "maskedEmail": "XXsXXeXXaXXoXXtXXn@gmail.com"
    }
}'
   MobileId_AuthUnLock_Valid_UIN_With_VID_All:
      endPoint: /residentmobileapp/req/auth/unlock
      role: resident
      restMethod: post
      inputTemplate: mobileId/AuthUnLock/createAuthUnLock
      outputTemplate: mobileId/AuthUnLock/createAuthUnLockResult
      input: '{
        "transactionID": "$TRANSACTIONID$",
        "individualId": "$ID:Generate_Perpetual_VID_Valid_Smoke_sid_vid$",
        "individualIdType": "VID",
        "unlockForSeconds": "1",
        "authType": [{auth: "bio-Iris"},{auth: "demo"},{auth: "bio-FACE"}],
        "otp": "$ID:AddIdentity_withValidParameters_smoke_Pos_EMAIL$",
        "sendOtp":{
    "transactionID": "$TRANSACTIONID$",
    "requestTime": "$TIMESTAMP$",
    "individualId": "$ID:Generate_Perpetual_VID_Valid_Smoke_sid_vid$",
    "individualIdType": "VID",
    "sendOtpReqTemplate": "mobileId/SendOTP/createSendOTP",
    "sendOtpEndPoint": "/residentmobileapp/req/otp"
    }
    }'
      output: '{
  "registrationId": "$IGNORE$",
  "message": "Notification has been sent to the provided contact detail(s)",
  "sendOtpResp":{
        "maskedMobile": "XXXXXX3210",
        "sendOtpResTemplate":"mobileId/SendOTP/createSendOTPResult",
        "maskedEmail": "XXsXXeXXaXXoXXtXXn@gmail.com"
    }
}'
   MobileId_AuthUnLock_With_InValid_OTP_All:
      endPoint: /residentmobileapp/req/auth/unlock
      role: resident
      restMethod: post
      inputTemplate: mobileId/AuthUnLock/createAuthUnLock
      outputTemplate: mobileId/error
      input: '{
        "transactionID": "$TRANSACTIONID$",
        "individualId": "$ID:AddIdentity_withValidParameters_smoke_Pos_UIN$",
        "individualIdType": "UIN",
        "unlockForSeconds": "1",
        "authType": [{auth: "bio-Iris"},{auth: "demo"},{auth: "bio-FACE"}],
        "otp": "111@@@###hhdhdh111",
        "sendOtp":{
    "transactionID": "$TRANSACTIONID$",
    "requestTime": "$TIMESTAMP$",
    "individualId": "$ID:AddIdentity_withValidParameters_smoke_Pos_UIN$",
    "individualIdType": "UIN",
    "sendOtpReqTemplate": "mobileId/SendOTP/createSendOTP",
    "sendOtpEndPoint": "/residentmobileapp/req/otp"
    }
    }'
      output: '{
  "errors": [
    {
      "errorCode": "RES-SER-422",
      "message": "$IGNORE$"
    }
  ],
  "sendOtpResp":{
        "maskedMobile": "XXXXXX3210",
        "sendOtpResTemplate":"mobileId/SendOTP/createSendOTPResult",
        "maskedEmail": "XXsXXeXXaXXoXXtXXn@gmail.com"
    }
}'
   MobileId_AuthUnLock_InValid_OTP_With_VID_All:
      endPoint: /residentmobileapp/req/auth/unlock
      role: resident
      restMethod: post
      inputTemplate: mobileId/AuthUnLock/createAuthUnLock
      outputTemplate: mobileId/error
      input: '{
        "transactionID": "$TRANSACTIONID$",
        "individualId": "$ID:Generate_Perpetual_VID_Valid_Smoke_sid_vid$",
        "individualIdType": "VID",
        "unlockForSeconds": "1",
        "authType": [{auth: "bio-Iris"},{auth: "demo"},{auth: "bio-FACE"}],
        "otp": "11111@@###1",
        "sendOtp":{
    "transactionID": "$TRANSACTIONID$",
    "requestTime": "$TIMESTAMP$",
    "individualId": "$ID:Generate_Perpetual_VID_Valid_Smoke_sid_vid$",
    "individualIdType": "VID",
    "sendOtpReqTemplate": "mobileId/SendOTP/createSendOTP",
    "sendOtpEndPoint": "/residentmobileapp/req/otp"
    }
    }'
      output: '{
  "errors": [
    {
      "errorCode": "RES-SER-422",
      "message": "$IGNORE$"
    }
  ],
  "sendOtpResp":{
        "maskedMobile": "XXXXXX3210",
        "sendOtpResTemplate":"mobileId/SendOTP/createSendOTPResult",
        "maskedEmail": "XXsXXeXXaXXoXXtXXn@gmail.com"
    }
}'