AuthLock:
   MobileId_AuthLock_Valid_UIN_All:
      endPoint: /residentmobileapp/req/auth/lock
      role: resident
      restMethod: post
      inputTemplate: mobileId/AuthLock/createAuthLock
      outputTemplate: mobileId/AuthLock/createAuthLockResult
      input: '{
        "transactionID": "1234567890",
        "individualId": "$ID:AddIdentity_withValidParameters_smoke_Pos_UIN$",
        "individualIdType": "UIN",
        "authType": [{auth: "bio-Iris"},{auth: "demo"},{auth: "bio-FACE"}],
        "otp": "111111",
        "sendOtp":{
    "transactionID": "1234567890",
    "requestTime": "$TIMESTAMP$",
    "individualId": "$ID:AddIdentity_withValidParameters_smoke_Pos_UIN$",
    "individualIdType": "UIN",
    "sendOtpReqTemplate": "mobileId/SendOTP/createSendOTP",
    "sendOtpEndPoint": "/residentmobileapp/req/otp"
    }
    }'
      output: '{
  "registrationId": "$IGNORE$",
  "message": "Notification has been sent to the provided contact detail(s)",
  "sendOtpResp":{
        "maskedMobile": "XXXXXX3210",
        "sendOtpResTemplate":"mobileId/SendOTP/createSendOTPResult",
        "maskedEmail": "XXsXXeXXaXXoXXtXXn@gmail.com"
    }
}'
   MobileId_AuthLock_InValid_Otp_All:
      endPoint: /residentmobileapp/req/auth/lock
      role: resident
      restMethod: post
      inputTemplate: mobileId/AuthLock/createAuthLock
      outputTemplate: mobileId/error
      input: '{
        "transactionID": "1234567890",
        "individualId": "$ID:AddIdentity_withValidParameters_smoke_Pos_UIN$",
        "individualIdType": "UIN",
        "authType": [{auth: "bio-Iris"},{auth: "demo"},{auth: "bio-FACE"}],
        "otp": "111sss@@1",
        "sendOtp":{
    "transactionID": "1234567890",
    "requestTime": "$TIMESTAMP$",
    "individualId": "$ID:AddIdentity_withValidParameters_smoke_Pos_UIN$",
    "individualIdType": "UIN",
    "sendOtpReqTemplate": "mobileId/SendOTP/createSendOTP",
    "sendOtpEndPoint": "/residentmobileapp/req/otp"
    }
    }'
      output: '{
  "errors": [
    {
      "errorCode": "RES-SER-422",
      "message": "$IGNORE$"
    }
  ],
  "sendOtpResp":{
        "maskedMobile": "XXXXXX3210",
        "sendOtpResTemplate":"mobileId/SendOTP/createSendOTPResult",
        "maskedEmail": "XXsXXeXXaXXoXXtXXn@gmail.com"
    }
}'
   MobileId_AuthLock_with_invalidUIN_Valid_Otp_sid:
      endPoint: /residentmobileapp/req/auth/lock
      role: resident
      restMethod: post
      inputTemplate: mobileId/AuthLock/createAuthLock
      outputTemplate: mobileId/error
      input: '{
        "transactionID": "1234567890",
        "individualId": "263738@@#FDCVvb",
        "individualIdType": "UIN",
        "authType": [{auth: "bio-Iris"},{auth: "demo"},{auth: "bio-FACE"}],
        "otp": "111111",
        "sendOtp":{
    "transactionID": "1234567890",
    "requestTime": "$TIMESTAMP$",
    "individualId": "$ID:AddIdentity_withValidParameters_smoke_Pos_UIN$",
    "individualIdType": "UIN",
    "sendOtpReqTemplate": "mobileId/SendOTP/createSendOTP",
    "sendOtpEndPoint": "/residentmobileapp/req/otp"
    }
    }'
      output: '{
  "errors": [
    {
      "errorCode": "RES-SER-410",
      "message": "$IGNORE$"
    }
  ],
  "sendOtpResp":{
        "maskedMobile": "XXXXXX3210",
        "sendOtpResTemplate":"mobileId/SendOTP/createSendOTPResult",
        "maskedEmail": "XXsXXeXXaXXoXXtXXn@gmail.com"
    }
}'
   MobileId_AuthLock_Valid_VID_All:
      endPoint: /residentmobileapp/req/auth/lock
      role: resident
      restMethod: post
      inputTemplate: mobileId/AuthLock/createAuthLock
      outputTemplate: mobileId/AuthLock/createAuthLockResult
      input: '{
        "transactionID": "1234567890",
        "individualId": "$ID:Generate_Perpetual_VID_Valid_Smoke_sid_vid$",
        "individualIdType": "VID",
        "authType": [{auth: "bio-Iris"},{auth: "demo"},{auth: "bio-FACE"}],
        "otp": "111111",
        "sendOtp":{
    "transactionID": "1234567890",
    "requestTime": "$TIMESTAMP$",
    "individualId": "$ID:Generate_Perpetual_VID_Valid_Smoke_sid_vid$",
    "individualIdType": "VID",
    "sendOtpReqTemplate": "mobileId/SendOTP/createSendOTP",
    "sendOtpEndPoint": "/residentmobileapp/req/otp"
    }
    }'
      output: '{
  "registrationId": "$IGNORE$",
  "message": "Notification has been sent to the provided contact detail(s)",
  "sendOtpResp":{
        "maskedMobile": "XXXXXX3210",
        "sendOtpResTemplate":"mobileId/SendOTP/createSendOTPResult",
        "maskedEmail": "XXsXXeXXaXXoXXtXXn@gmail.com"
    }
}'
   MobileId_AuthLock_with_invalidVID_Valid_Otp:
      endPoint: /residentmobileapp/req/auth/lock
      role: resident
      restMethod: post
      inputTemplate: mobileId/AuthLock/createAuthLock
      outputTemplate: mobileId/error
      input: '{
        "transactionID": "1234567890",
        "individualId": "26DBDB@73",
        "individualIdType": "VID",
        "authType": [{auth: "bio-Iris"},{auth: "demo"},{auth: "bio-FACE"}],
        "otp": "111111",
        "sendOtp":{
    "transactionID": "1234567890",
    "requestTime": "$TIMESTAMP$",
    "individualId": "$ID:Generate_Perpetual_VID_Valid_Smoke_sid_vid$",
    "individualIdType": "VID",
    "sendOtpReqTemplate": "mobileId/SendOTP/createSendOTP",
    "sendOtpEndPoint": "/residentmobileapp/req/otp"
    }
    }'
      output: '{
  "errors": [
    {
      "errorCode": "RES-SER-410",
      "message": "$IGNORE$"
    }
  ],
  "sendOtpResp":{
        "maskedMobile": "XXXXXX3210",
        "sendOtpResTemplate":"mobileId/SendOTP/createSendOTPResult",
        "maskedEmail": "XXsXXeXXaXXoXXtXXn@gmail.com"
    }
}'
   MobileId_AuthLock_invalidVID_Valid_Otp:
      endPoint: /residentmobileapp/req/auth/lock
      role: resident
      restMethod: post
      inputTemplate: mobileId/AuthLock/createAuthLock
      outputTemplate: mobileId/error
      input: '{
        "transactionID": "1234567890",
        "individualId": "36363gvb",
        "individualIdType": "VID",
        "authType": [{auth: "bio-Iris"},{auth: "demo"},{auth: "bio-FACE"}],
        "otp": "111111",
        "sendOtp":{
    "transactionID": "1234567890",
    "requestTime": "$TIMESTAMP$",
    "individualId": "$ID:Generate_Perpetual_VID_Valid_Smoke_sid_vid$",
    "individualIdType": "VID",
    "sendOtpReqTemplate": "mobileId/SendOTP/createSendOTP",
    "sendOtpEndPoint": "/residentmobileapp/req/otp"
    }
    }'
      output: '{
  "errors": [
    {
      "errorCode": "RES-SER-410",
      "message": "$IGNORE$"
    }
  ],
  "sendOtpResp":{
        "maskedMobile": "XXXXXX3210",
        "sendOtpResTemplate":"mobileId/SendOTP/createSendOTPResult",
        "maskedEmail": "XXsXXeXXaXXoXXtXXn@gmail.com"
    }
}'
