AuthLock:
   Resident_AuthLock_Valid_UIN_All:
      endPoint: /resident/v1/req/auth-lock
      role: resident
      restMethod: post
      checkErrorsOnlyInResponse: true
      inputTemplate: resident/AuthLock/createAuthLock
      outputTemplate: resident/AuthLock/createAuthLockResult
      input: '{
        "transactionID": "$TRANSACTIONID$",
        "individualId": "$ID:AddIdentity_withValidParameters_smoke_Pos_UIN$",
        "individualIdType": "UIN",
        "requesttime": "$TIMESTAMP$",
        "id": "mosip.resident.authlock",
        "version": "v1",
        "authType": [{auth: "bio-Iris"},{auth: "demo"},{auth: "bio-FACE"}],
        "otp": "$ID:AddIdentity_withValidParameters_smoke_Pos_EMAIL$",
        "sendOtp":{
    "transactionID": "$TRANSACTIONID$",
    "requestTime": "$TIMESTAMP$",
    "individualId": "$ID:AddIdentity_withValidParameters_smoke_Pos_UIN$",
    "individualIdType": "UIN",
    "sendOtpReqTemplate": "resident/SendOTP/createSendOTP",
    "sendOtpEndPoint": "/resident/v1/req/otp"
    }
    }'
      output: '{
  "sendOtpResp":{
        "maskedMobile": "$IGNORE$",
        "sendOtpResTemplate":"resident/SendOTP/createSendOTPResult",
        "maskedEmail": "$IGNORE$"
    }
}'

   Resident_AuthLock_Valid_VID_All:
      endPoint: /resident/v1/req/auth-lock
      role: resident
      restMethod: post
      checkErrorsOnlyInResponse: true
      inputTemplate: resident/AuthLock/createAuthLock
      outputTemplate: resident/AuthLock/createAuthLockResult
      input: '{
        "transactionID": "$TRANSACTIONID$",
        "individualId": "$ID:GenerateVID_All_Valid_Smoke_Perpetual_sid_vid$",
        "individualIdType": "VID",
        "requesttime": "$TIMESTAMP$",
        "id": "mosip.resident.authlock",
        "version": "v1",
        "authType": [{auth: "bio-Iris"},{auth: "demo"},{auth: "bio-FACE"}],
        "otp": "$ID:AddIdentity_ValidParam_smoke_Pos_EMAIL$",
        "sendOtp":{
    "transactionID": "$TRANSACTIONID$",
    "requestTime": "$TIMESTAMP$",
    "individualId": "$ID:GenerateVID_All_Valid_Smoke_Perpetual_sid_vid$",
    "individualIdType": "VID",
    "sendOtpReqTemplate": "resident/SendOTP/createSendOTP",
    "sendOtpEndPoint": "/resident/v1/req/otp"
    }
    }'
      output: '{
  "sendOtpResp":{
        "maskedMobile": "$IGNORE$",
        "sendOtpResTemplate":"resident/SendOTP/createSendOTPResult",
        "maskedEmail": "$IGNORE$"
    }
}'

   Resident_AuthLock_VID_Use_Two_All:
      endPoint: /resident/v1/req/auth-lock
      role: resident
      restMethod: post
      checkErrorsOnlyInResponse: true
      inputTemplate: resident/AuthLock/createAuthLock
      outputTemplate: resident/AuthLock/createAuthLockResult
      input: '{
        "transactionID": "$TRANSACTIONID$",
        "individualId": "$ID:Generate_Perpetual_VID_SecondTime_Smoke_sid_vid$",
        "individualIdType": "VID",
        "requesttime": "$TIMESTAMP$",
        "id": "mosip.resident.authlock",
        "version": "v1",
        "authType": [{auth: "bio-Iris"},{auth: "demo"},{auth: "bio-FACE"}],
        "otp": "$ID:AddIdentity_withValidParameters_ToCreate_PreVid_smoke_Pos_EMAIL$",
        "sendOtp":{
    "transactionID": "$TRANSACTIONID$",
    "requestTime": "$TIMESTAMP$",
    "individualId": "$ID:Generate_Perpetual_VID_SecondTime_Smoke_sid_vid$",
    "individualIdType": "VID",
    "sendOtpReqTemplate": "resident/SendOTP/createSendOTP",
    "sendOtpEndPoint": "/resident/v1/req/otp"
    }
    }'
      output: '{
  "sendOtpResp":{
        "maskedMobile": "$IGNORE$",
        "sendOtpResTemplate":"resident/SendOTP/createSendOTPResult",
        "maskedEmail": "$IGNORE$"
    }
}'

   Resident_AuthLock_VID_Use_All:
      endPoint: /resident/v1/req/auth-lock
      role: resident
      restMethod: post
      checkErrorsOnlyInResponse: true
      inputTemplate: resident/AuthLock/createAuthLock
      outputTemplate: resident/AuthLock/createAuthLockResult
      input: '{
        "transactionID": "$TRANSACTIONID$",
        "individualId": "$ID:Generate_Perpetual_VID_SecondTime_Smoke_sid_vid$",
        "individualIdType": "VID",
        "requesttime": "$TIMESTAMP$",
        "id": "mosip.resident.authlock",
        "version": "v1",
        "authType": [{auth: "bio-Iris"},{auth: "demo"},{auth: "bio-FACE"}],
        "otp": "$ID:AddIdentity_withValidParameters_ToCreate_PreVid_smoke_Pos_EMAIL$",
        "sendOtp":{
    "transactionID": "$TRANSACTIONID$",
    "requestTime": "$TIMESTAMP$",
    "individualId": "$ID:Generate_Perpetual_VID_SecondTime_Smoke_sid_vid$",
    "individualIdType": "VID",
    "sendOtpReqTemplate": "resident/SendOTP/createSendOTP",
    "sendOtpEndPoint": "/resident/v1/req/otp"
    }
    }'
      output: '{
  "sendOtpResp":{
        "maskedMobile": "$IGNORE$",
        "sendOtpResTemplate":"resident/SendOTP/createSendOTPResult",
        "maskedEmail": "$IGNORE$"
    }
}'

   Resident_AuthLock_Valid_UIN_smoke_demo_Pos:
      endPoint: /resident/v1/req/auth-lock
      role: resident
      restMethod: post
      checkErrorsOnlyInResponse: true
      inputTemplate: resident/AuthLock/createAuthLock
      outputTemplate: resident/AuthLock/createAuthLockResult
      input: '{
        "transactionID": "$TRANSACTIONID$",
        "individualId": "$ID:AddIdentity_withValidParameters_smoke_Pos_UIN$",
        "individualIdType": "UIN",
        "requesttime": "$TIMESTAMP$",
        "id": "mosip.resident.authlock",
        "version": "v1",
        "authType": [{auth: "demo"}],
        "otp": "$ID:AddIdentity_withValidParameters_smoke_Pos_EMAIL$",
        "sendOtp":{
    "transactionID": "$TRANSACTIONID$",
    "requestTime": "$TIMESTAMP$",
    "individualId": "$ID:AddIdentity_withValidParameters_smoke_Pos_UIN$",
    "individualIdType": "UIN",
    "sendOtpReqTemplate": "resident/SendOTP/createSendOTP",
    "sendOtpEndPoint": "/resident/v1/req/otp"
    }
    }'
      output: '{
  "sendOtpResp":{
        "maskedMobile": "$IGNORE$",
        "sendOtpResTemplate":"resident/SendOTP/createSendOTPResult",
        "maskedEmail": "$IGNORE$"
    }
}'
   Resident_AuthLock_Valid_VID_smoke_demo_Pos:
      endPoint: /resident/v1/req/auth-lock
      role: resident
      restMethod: post
      checkErrorsOnlyInResponse: true
      inputTemplate: resident/AuthLock/createAuthLock
      outputTemplate: resident/AuthLock/createAuthLockResult
      input: '{
        "transactionID": "$TRANSACTIONID$",
        "individualId": "$ID:GenerateVID_All_Valid_Smoke_Perpetual_sid_vid$",
        "individualIdType": "VID",
        "requesttime": "$TIMESTAMP$",
        "id": "mosip.resident.authlock",
        "version": "v1",
        "authType": [{auth: "demo"}],
        "otp": "$ID:AddIdentity_ValidParam_smoke_Pos_EMAIL$",
        "sendOtp":{
    "transactionID": "$TRANSACTIONID$",
    "requestTime": "$TIMESTAMP$",
    "individualId": "$ID:GenerateVID_All_Valid_Smoke_Perpetual_sid_vid$",
    "individualIdType": "VID",
    "sendOtpReqTemplate": "resident/SendOTP/createSendOTP",
    "sendOtpEndPoint": "/resident/v1/req/otp"
    }
    }'
      output: '{
  "sendOtpResp":{
        "maskedMobile": "$IGNORE$",
        "sendOtpResTemplate":"resident/SendOTP/createSendOTPResult",
        "maskedEmail": "$IGNORE$"
    }
}'
   Resident_AuthLock_Valid_UIN_smoke_Face_Pos:
      endPoint: /resident/v1/req/auth-lock
      role: resident
      restMethod: post
      checkErrorsOnlyInResponse: true
      inputTemplate: resident/AuthLock/createAuthLock
      outputTemplate: resident/AuthLock/createAuthLockResult
      input: '{
        "transactionID": "$TRANSACTIONID$",
        "individualId": "$ID:AddIdentity_withValidParameters_smoke_Pos_UIN$",
        "individualIdType": "UIN",
        "requesttime": "$TIMESTAMP$",
        "id": "mosip.resident.authlock",
        "version": "v1",
        "authType": [{auth: "bio-FACE"}],
        "otp": "$ID:AddIdentity_withValidParameters_smoke_Pos_EMAIL$",
        "sendOtp":{
    "transactionID": "$TRANSACTIONID$",
    "requestTime": "$TIMESTAMP$",
    "individualId": "$ID:AddIdentity_withValidParameters_smoke_Pos_UIN$",
    "individualIdType": "UIN",
    "sendOtpReqTemplate": "resident/SendOTP/createSendOTP",
    "sendOtpEndPoint": "/resident/v1/req/otp"
    }
    }'
      output: '{
  "sendOtpResp":{
        "maskedMobile": "$IGNORE$",
        "sendOtpResTemplate":"resident/SendOTP/createSendOTPResult",
        "maskedEmail": "$IGNORE$"
    }
}'
   Resident_AuthLock_Valid_VID_smoke_Face_Pos:
      endPoint: /resident/v1/req/auth-lock
      role: resident
      restMethod: post
      checkErrorsOnlyInResponse: true
      inputTemplate: resident/AuthLock/createAuthLock
      outputTemplate: resident/AuthLock/createAuthLockResult
      input: '{
        "transactionID": "$TRANSACTIONID$",
        "individualId": "$ID:GenerateVID_All_Valid_Smoke_Perpetual_sid_vid$",
        "individualIdType": "VID",
        "requesttime": "$TIMESTAMP$",
        "id": "mosip.resident.authlock",
        "version": "v1",
        "authType": [{auth: "bio-FACE"}],
        "otp": "$ID:AddIdentity_ValidParam_smoke_Pos_EMAIL$",
        "sendOtp":{
    "transactionID": "$TRANSACTIONID$",
    "requestTime": "$TIMESTAMP$",
    "individualId": "$ID:GenerateVID_All_Valid_Smoke_Perpetual_sid_vid$",
    "individualIdType": "VID",
    "sendOtpReqTemplate": "resident/SendOTP/createSendOTP",
    "sendOtpEndPoint": "/resident/v1/req/otp"
    }
    }'
      output: '{
  "sendOtpResp":{
        "maskedMobile": "$IGNORE$",
        "sendOtpResTemplate":"resident/SendOTP/createSendOTPResult",
        "maskedEmail": "$IGNORE$"
    }
}'
   Resident_AuthLock_Valid_UIN_smoke_Finger_Pos:
      endPoint: /resident/v1/req/auth-lock
      role: resident
      restMethod: post
      checkErrorsOnlyInResponse: true
      inputTemplate: resident/AuthLock/createAuthLock
      outputTemplate: resident/AuthLock/createAuthLockResult
      input: '{
        "transactionID": "$TRANSACTIONID$",
        "individualId": "$ID:AddIdentity_Positive_TDEA_smoke_UIN$",
        "individualIdType": "UIN",
        "requesttime": "$TIMESTAMP$",
        "id": "mosip.resident.authlock",
        "version": "v1",
        "authType": [{auth: "bio-Finger"}],
        "otp": "$ID:AddIdentity_Positive_TDEA_smoke_EMAIL$",
        "sendOtp":{
    "transactionID": "$TRANSACTIONID$",
    "requestTime": "$TIMESTAMP$",
    "individualId": "$ID:AddIdentity_Positive_TDEA_smoke_UIN$",
    "individualIdType": "UIN",
    "sendOtpReqTemplate": "resident/SendOTP/createSendOTP",
    "sendOtpEndPoint": "/resident/v1/req/otp"
    }
    }'
      output: '{
  "sendOtpResp":{
        "maskedMobile": "$IGNORE$",
        "sendOtpResTemplate":"resident/SendOTP/createSendOTPResult",
        "maskedEmail": "$IGNORE$"
    }
}'
   Resident_AuthLock_Valid_VID_smoke_Finger_Pos:
      endPoint: /resident/v1/req/auth-lock
      role: resident
      restMethod: post
      checkErrorsOnlyInResponse: true
      inputTemplate: resident/AuthLock/createAuthLock
      outputTemplate: resident/AuthLock/createAuthLockResult
      input: '{
        "transactionID": "$TRANSACTIONID$",
        "individualId": "$ID:GenerateVID_All_Valid_Smoke_Perpetual_sid_vid$",
        "individualIdType": "VID",
        "requesttime": "$TIMESTAMP$",
        "id": "mosip.resident.authlock",
        "version": "v1",
        "authType": [{auth: "bio-Finger"}],
        "otp": "$ID:AddIdentity_ValidParam_smoke_Pos_EMAIL$",
        "sendOtp":{
    "transactionID": "$TRANSACTIONID$",
    "requestTime": "$TIMESTAMP$",
    "individualId": "$ID:GenerateVID_All_Valid_Smoke_Perpetual_sid_vid$",
    "individualIdType": "VID",
    "sendOtpReqTemplate": "resident/SendOTP/createSendOTP",
    "sendOtpEndPoint": "/resident/v1/req/otp"
    }
    }'
      output: '{
  "sendOtpResp":{
        "maskedMobile": "$IGNORE$",
        "sendOtpResTemplate":"resident/SendOTP/createSendOTPResult",
        "maskedEmail": "$IGNORE$"
    }
}'
   Resident_AuthLock_Valid_VID_smoke_Iris_Pos:
      endPoint: /resident/v1/req/auth-lock
      role: resident
      restMethod: post
      checkErrorsOnlyInResponse: true
      inputTemplate: resident/AuthLock/createAuthLock
      outputTemplate: resident/AuthLock/createAuthLockResult
      input: '{
        "transactionID": "$TRANSACTIONID$",
        "individualId": "$ID:GenerateVID_All_Valid_Smoke_Perpetual_sid_vid$",
        "individualIdType": "VID",
        "requesttime": "$TIMESTAMP$",
        "id": "mosip.resident.authlock",
        "version": "v1",
        "authType": [{auth: "bio-Iris"}],
        "otp": "$ID:AddIdentity_ValidParam_smoke_Pos_EMAIL$",
        "sendOtp":{
    "transactionID": "$TRANSACTIONID$",
    "requestTime": "$TIMESTAMP$",
    "individualId": "$ID:GenerateVID_All_Valid_Smoke_Perpetual_sid_vid$",
    "individualIdType": "VID",
    "sendOtpReqTemplate": "resident/SendOTP/createSendOTP",
    "sendOtpEndPoint": "/resident/v1/req/otp"
    }
    }'
      output: '{
  "sendOtpResp":{
        "maskedMobile": "$IGNORE$",
        "sendOtpResTemplate":"resident/SendOTP/createSendOTPResult",
        "maskedEmail": "$IGNORE$"
    }
}'
   Resident_AuthLock_Valid_UIN_smoke_Iris_Pos:
      endPoint: /resident/v1/req/auth-lock
      role: resident
      restMethod: post
      checkErrorsOnlyInResponse: true
      inputTemplate: resident/AuthLock/createAuthLock
      outputTemplate: resident/AuthLock/createAuthLockResult
      input: '{
        "transactionID": "$TRANSACTIONID$",
        "individualId": "$ID:AddIdentity_Positive_PRE_smoke_UIN$",
        "individualIdType": "UIN",
        "requesttime": "$TIMESTAMP$",
        "id": "mosip.resident.authlock",
        "version": "v1",
        "authType": [{auth: "bio-Iris"}],
        "otp": "$ID:AddIdentity_Positive_PRE_smoke_EMAIL$",
        "sendOtp":{
    "transactionID": "$TRANSACTIONID$",
    "requestTime": "$TIMESTAMP$",
    "individualId": "$ID:AddIdentity_Positive_PRE_smoke_UIN$",
    "individualIdType": "UIN",
    "sendOtpReqTemplate": "resident/SendOTP/createSendOTP",
    "sendOtpEndPoint": "/resident/v1/req/otp"
    }
    }'
      output: '{
  "sendOtpResp":{
        "maskedMobile": "$IGNORE$",
        "sendOtpResTemplate":"resident/SendOTP/createSendOTPResult",
        "maskedEmail": "$IGNORE$"
    }
}'
   Resident_AuthLock_Missing_individualIdType_Pos:
      endPoint: /resident/v1/req/auth-lock
      role: resident
      restMethod: post
      checkErrorsOnlyInResponse: true
      inputTemplate: resident/AuthLock/createAuthLock
      outputTemplate: resident/AuthLock/createAuthLockResult
      input: '{
        "transactionID": "$TRANSACTIONID$",
        "individualId": "$ID:AddIdentity_Positive_TRE_smoke_UIN$",
        "individualIdType": "$REMOVE$",
        "requesttime": "$TIMESTAMP$",
        "id": "mosip.resident.authlock",
        "version": "v1",
        "authType": [{auth: "bio-Iris"}],
        "otp": "$ID:AddIdentity_Positive_TRE_smoke_EMAIL$",
        "sendOtp":{
    "transactionID": "$TRANSACTIONID$",
    "requestTime": "$TIMESTAMP$",
    "individualId": "$ID:AddIdentity_Positive_TRE_smoke_UIN$",
    "individualIdType": "UIN",
    "sendOtpReqTemplate": "resident/SendOTP/createSendOTP",
    "sendOtpEndPoint": "/resident/v1/req/otp"
    }
    }'
      output: '{
  "sendOtpResp":{
        "maskedMobile": "$IGNORE$",
        "sendOtpResTemplate":"resident/SendOTP/createSendOTPResult",
        "maskedEmail": "$IGNORE$"
    }
}'
   Resident_AuthLock_InValid_AuthType_Neg:
      endPoint: /resident/v1/req/auth-lock
      role: resident
      restMethod: post
      checkErrorsOnlyInResponse: true
      inputTemplate: resident/AuthLock/createAuthLock
      outputTemplate: resident/error
      input: '{
        "transactionID": "$TRANSACTIONID$",
        "individualId": "$ID:AddIdentity_Positive_TRE_smoke_UIN$",
        "individualIdType": "UIN",
        "requesttime": "$TIMESTAMP$",
        "id": "mosip.resident.authlock",
        "version": "v1",
        "authType": [{auth: "@3###CE"}],
        "otp": "$ID:AddIdentity_Positive_TRE_smoke_EMAIL$",
        "sendOtp":{
    "transactionID": "$TRANSACTIONID$",
    "requestTime": "$TIMESTAMP$",
    "individualId": "$ID:AddIdentity_Positive_TRE_smoke_UIN$",
    "individualIdType": "UIN",
    "sendOtpReqTemplate": "resident/SendOTP/createSendOTP",
    "sendOtpEndPoint": "/resident/v1/req/otp"
    }
    }'
      output: '{
   "errors": [
    {
      "errorCode": "RES-SER-410",
      "message": "$IGNORE$"
    }
  ],
  "sendOtpResp":{
        "maskedMobile": "$IGNORE$",
        "sendOtpResTemplate":"resident/SendOTP/createSendOTPResult",
        "maskedEmail": "$IGNORE$"
    }
}'
   Resident_AuthLock_InValid_UIN_Neg:
      endPoint: /resident/v1/req/auth-lock
      role: resident
      restMethod: post
      checkErrorsOnlyInResponse: true
      inputTemplate: resident/AuthLock/createAuthLock
      outputTemplate: resident/error
      input: '{
        "transactionID": "$TRANSACTIONID$",
        "individualId": "48@3###4709",
        "individualIdType": "UIN",
        "requesttime": "$TIMESTAMP$",
        "id": "mosip.resident.authlock",
        "version": "v1",
        "authType": [{auth: "bio-FACE"}],
        "otp": "$ID:AddIdentity_Positive_TRE_smoke_EMAIL$",
        "sendOtp":{
    "transactionID": "$TRANSACTIONID$",
    "requestTime": "$TIMESTAMP$",
    "individualId": "$ID:AddIdentity_Positive_TRE_smoke_UIN$",
    "individualIdType": "UIN",
    "sendOtpReqTemplate": "resident/SendOTP/createSendOTP",
    "sendOtpEndPoint": "/resident/v1/req/otp"
    }
    }'
      output: '{
   "errors": [
    {
      "errorCode": "RES-SER-410",
      "message": "$IGNORE$"
    }
  ],
  "sendOtpResp":{
        "maskedMobile": "$IGNORE$",
        "sendOtpResTemplate":"resident/SendOTP/createSendOTPResult",
        "maskedEmail": "$IGNORE$"
    }
}'
   Resident_AuthLock_missing_UIN_Neg:
      endPoint: /resident/v1/req/auth-lock
      role: resident
      restMethod: post
      checkErrorsOnlyInResponse: true
      inputTemplate: resident/AuthLock/createAuthLock
      outputTemplate: resident/error
      input: '{
        "transactionID": "$TRANSACTIONID$",
        "individualId": "$REMOVE$",
        "individualIdType": "UIN",
        "requesttime": "$TIMESTAMP$",
        "id": "mosip.resident.authlock",
        "version": "v1",
        "authType": [{auth: "bio-FACE"}],
        "otp": "$ID:AddIdentity_Positive_TRE_smoke_EMAIL$",
        "sendOtp":{
    "transactionID": "$TRANSACTIONID$",
    "requestTime": "$TIMESTAMP$",
    "individualId": "$ID:AddIdentity_Positive_TRE_smoke_UIN$",
    "individualIdType": "UIN",
    "sendOtpReqTemplate": "resident/SendOTP/createSendOTP",
    "sendOtpEndPoint": "/resident/v1/req/otp"
    }
    }'
      output: '{
   "errors": [
    {
      "errorCode": "RES-SER-410",
      "message": "$IGNORE$"
    }
  ],
  "sendOtpResp":{
        "maskedMobile": "$IGNORE$",
        "sendOtpResTemplate":"resident/SendOTP/createSendOTPResult",
        "maskedEmail": "$IGNORE$"
    }
}'
   Resident_AuthLock_InValid_OTP_Neg:
      endPoint: /resident/v1/req/auth-lock
      role: resident
      restMethod: post
      checkErrorsOnlyInResponse: true
      inputTemplate: resident/AuthLock/createAuthLock
      outputTemplate: resident/error
      input: '{
        "transactionID": "$TRANSACTIONID$",
        "individualId": "$ID:AddIdentity_withValidParameters_smoke_Pos_UIN$",
        "individualIdType": "UIN",
        "requesttime": "$TIMESTAMP$",
        "id": "mosip.resident.authlock",
        "version": "v1",
        "authType": [{auth: "bio-FACE"}],
        "otp": "1#@@311",
        "sendOtp":{
    "transactionID": "$TRANSACTIONID$",
    "requestTime": "$TIMESTAMP$",
    "individualId": "$ID:AddIdentity_withValidParameters_smoke_Pos_UIN$",
    "individualIdType": "UIN",
    "sendOtpReqTemplate": "resident/SendOTP/createSendOTP",
    "sendOtpEndPoint": "/resident/v1/req/otp"
    }
    }'
      output: '{
   "errors": [
    {
      "errorCode": "RES-SER-422",
      "message": "$IGNORE$"
    }
  ],
  "sendOtpResp":{
        "maskedMobile": "$IGNORE$",
        "sendOtpResTemplate":"resident/SendOTP/createSendOTPResult",
        "maskedEmail": "$IGNORE$"
    }
}'

   Resident_AuthLock_InValid_OTP_Vid_Neg:
      endPoint: /resident/v1/req/auth-lock
      role: resident
      restMethod: post
      checkErrorsOnlyInResponse: true
      inputTemplate: resident/AuthLock/createAuthLock
      outputTemplate: resident/error
      input: '{
        "transactionID": "$TRANSACTIONID$",
        "individualId": "$ID:GenerateVID_All_Valid_Smoke_Perpetual_sid_vid$",
        "individualIdType": "UIN",
        "requesttime": "$TIMESTAMP$",
        "id": "mosip.resident.authlock",
        "version": "v1",
        "authType": [{auth: "bio-FACE"}],
        "otp": "1#@@311",
        "sendOtp":{
    "transactionID": "$TRANSACTIONID$",
    "requestTime": "$TIMESTAMP$",
    "individualId": "$ID:GenerateVID_All_Valid_Smoke_Perpetual_sid_vid$",
    "individualIdType": "UIN",
    "sendOtpReqTemplate": "resident/SendOTP/createSendOTP",
    "sendOtpEndPoint": "/resident/v1/req/otp"
    }
    }'
      output: '{
   "errors": [
    {
      "errorCode": "RES-SER-422",
      "message": "$IGNORE$"
    }
  ],
  "sendOtpResp":{
        "maskedMobile": "$IGNORE$",
        "sendOtpResTemplate":"resident/SendOTP/createSendOTPResult",
        "maskedEmail": "$IGNORE$"
    }
}'

   Resident_AuthLock_TransactionMismatch_Neg:
      endPoint: /resident/v1/req/auth-lock
      role: resident
      restMethod: post
      checkErrorsOnlyInResponse: true
      inputTemplate: resident/AuthLock/createAuthLock
      outputTemplate: resident/error
      input: '{
        "transactionID": "1237890",
        "individualId": "$ID:AddIdentity_withValidParameters_smoke_Pos_UIN$",
        "individualIdType": "UIN",
        "requesttime": "$TIMESTAMP$",
        "id": "mosip.resident.authlock",
        "version": "v1",
        "authType": [{auth: "bio-FACE"}],
        "otp": "$ID:AddIdentity_withValidParameters_smoke_Pos_EMAIL$",
        "sendOtp":{
    "transactionID": "$TRANSACTIONID$",
    "requestTime": "$TIMESTAMP$",
    "individualId": "$ID:AddIdentity_withValidParameters_smoke_Pos_UIN$",
    "individualIdType": "UIN",
    "sendOtpReqTemplate": "resident/SendOTP/createSendOTP",
    "sendOtpEndPoint": "/resident/v1/req/otp"
    }
    }'
      output: '{
   "errors": [
    {
      "errorCode": "RES-SER-422",
      "message": "$IGNORE$"
    }
  ],
  "sendOtpResp":{
        "maskedMobile": "$IGNORE$",
        "sendOtpResTemplate":"resident/SendOTP/createSendOTPResult",
        "maskedEmail": "$IGNORE$"
    }
}'
   Resident_AuthLock_Invalid_Id_Neg:
      endPoint: /resident/v1/req/auth-lock
      role: resident
      restMethod: post
      checkErrorsOnlyInResponse: true
      inputTemplate: resident/AuthLock/createAuthLock
      outputTemplate: resident/error
      input: '{
        "transactionID": "$TRANSACTIONID$",
        "individualId": "$ID:AddIdentity_withValidParameters_smoke_Pos_UIN$",
        "individualIdType": "UIN",
        "requesttime": "$TIMESTAMP$",
        "id": "mothlock",
        "version": "v1",
        "authType": [{auth: "bio-FACE"}],
        "otp": "$ID:AddIdentity_withValidParameters_smoke_Pos_EMAIL$",
        "sendOtp":{
    "transactionID": "$TRANSACTIONID$",
    "requestTime": "$TIMESTAMP$",
    "individualId": "$ID:AddIdentity_withValidParameters_smoke_Pos_UIN$",
    "individualIdType": "UIN",
    "sendOtpReqTemplate": "resident/SendOTP/createSendOTP",
    "sendOtpEndPoint": "/resident/v1/req/otp"
    }
    }'
      output: '{
   "errors": [
    {
      "errorCode": "RES-SER-410",
      "message": "$IGNORE$"
    }
  ],
  "sendOtpResp":{
        "maskedMobile": "$IGNORE$",
        "sendOtpResTemplate":"resident/SendOTP/createSendOTPResult",
        "maskedEmail": "$IGNORE$"
    }
}'
   Resident_AuthLock_missing_Id_Neg:
      endPoint: /resident/v1/req/auth-lock
      role: resident
      restMethod: post
      checkErrorsOnlyInResponse: true
      inputTemplate: resident/AuthLock/createAuthLock
      outputTemplate: resident/error
      input: '{
        "transactionID": "$TRANSACTIONID$",
        "individualId": "$ID:AddIdentity_withValidParameters_smoke_Pos_UIN$",
        "individualIdType": "UIN",
        "requesttime": "$TIMESTAMP$",
        "id": "$REMOVE$",
        "version": "v1",
        "authType": [{auth: "bio-FACE"}],
        "otp": "$ID:AddIdentity_withValidParameters_smoke_Pos_EMAIL$",
        "sendOtp":{
    "transactionID": "$TRANSACTIONID$",
    "requestTime": "$TIMESTAMP$",
    "individualId": "$ID:AddIdentity_withValidParameters_smoke_Pos_UIN$",
    "individualIdType": "UIN",
    "sendOtpReqTemplate": "resident/SendOTP/createSendOTP",
    "sendOtpEndPoint": "/resident/v1/req/otp"
    }
    }'
      output: '{
   "errors": [
    {
      "errorCode": "RES-SER-410",
      "message": "$IGNORE$"
    }
  ],
  "sendOtpResp":{
        "maskedMobile": "$IGNORE$",
        "sendOtpResTemplate":"resident/SendOTP/createSendOTPResult",
        "maskedEmail": "$IGNORE$"
    }
}'
   Resident_AuthLock_InValid_version_Neg:
      endPoint: /resident/v1/req/auth-lock
      role: resident
      restMethod: post
      checkErrorsOnlyInResponse: true
      inputTemplate: resident/AuthLock/createAuthLock
      outputTemplate: resident/error
      input: '{
        "transactionID": "$TRANSACTIONID$",
        "individualId": "$ID:AddIdentity_withValidParameters_smoke_Pos_UIN$",
        "individualIdType": "UIN",
        "requesttime": "$TIMESTAMP$",
        "id": "mosip.resident.authlock",
        "version": "@333#1",
        "authType": [{auth: "bio-FACE"}],
        "otp": "$ID:AddIdentity_withValidParameters_smoke_Pos_EMAIL$",
        "sendOtp":{
    "transactionID": "$TRANSACTIONID$",
    "requestTime": "$TIMESTAMP$",
    "individualId": "$ID:AddIdentity_withValidParameters_smoke_Pos_UIN$",
    "individualIdType": "UIN",
    "sendOtpReqTemplate": "resident/SendOTP/createSendOTP",
    "sendOtpEndPoint": "/resident/v1/req/otp"
    }
    }'
      output: '{
   "errors": [
    {
      "errorCode": "RES-SER-410",
      "message": "$IGNORE$"
    }
  ],
  "sendOtpResp":{
        "maskedMobile": "$IGNORE$",
        "sendOtpResTemplate":"resident/SendOTP/createSendOTPResult",
        "maskedEmail": "$IGNORE$"
    }
}'
   Resident_AuthLock_Missing_version_Neg:
      endPoint: /resident/v1/req/auth-lock
      role: resident
      restMethod: post
      checkErrorsOnlyInResponse: true
      inputTemplate: resident/AuthLock/createAuthLock
      outputTemplate: resident/error
      input: '{
        "transactionID": "$TRANSACTIONID$",
        "individualId": "$ID:AddIdentity_withValidParameters_smoke_Pos_UIN$",
        "individualIdType": "UIN",
        "requesttime": "$TIMESTAMP$",
        "id": "mosip.resident.authlock",
        "version": "$REMOVE$",
        "authType": [{auth: "bio-FACE"}],
        "otp": "$ID:AddIdentity_withValidParameters_smoke_Pos_EMAIL$",
        "sendOtp":{
    "transactionID": "$TRANSACTIONID$",
    "requestTime": "$TIMESTAMP$",
    "individualId": "$ID:AddIdentity_withValidParameters_smoke_Pos_UIN$",
    "individualIdType": "UIN",
    "sendOtpReqTemplate": "resident/SendOTP/createSendOTP",
    "sendOtpEndPoint": "/resident/v1/req/otp"
    }
    }'
      output: '{
   "errors": [
    {
      "errorCode": "RES-SER-410",
      "message": "$IGNORE$"
    }
  ],
  "sendOtpResp":{
        "maskedMobile": "$IGNORE$",
        "sendOtpResTemplate":"resident/SendOTP/createSendOTPResult",
        "maskedEmail": "$IGNORE$"
    }
}'
   Resident_AuthLock_InvalidTimestamp_Neg:
      endPoint: /resident/v1/req/auth-lock
      role: resident
      restMethod: post
      checkErrorsOnlyInResponse: true
      inputTemplate: resident/AuthLock/createAuthLock
      outputTemplate: resident/error
      input: '{
        "transactionID": "$TRANSACTIONID$",
        "individualId": "$ID:AddIdentity_withValidParameters_smoke_Pos_UIN$",
        "individualIdType": "UIN",
        "requesttime": "T@345IMP",
        "id": "mosip.resident.authlock",
        "version": "v1",
        "authType": [{auth: "bio-FACE"}],
        "otp": "$ID:AddIdentity_withValidParameters_smoke_Pos_EMAIL$",
        "sendOtp":{
    "transactionID": "$TRANSACTIONID$",
    "requestTime": "$TIMESTAMP$",
    "individualId": "$ID:AddIdentity_withValidParameters_smoke_Pos_UIN$",
    "individualIdType": "UIN",
    "sendOtpReqTemplate": "resident/SendOTP/createSendOTP",
    "sendOtpEndPoint": "/resident/v1/req/otp"
    }
    }'
      output: '{
   "errors": [
    {
      "errorCode": "RES-SER-410",
      "message": "$IGNORE$"
    }
  ],
  "sendOtpResp":{
        "maskedMobile": "$IGNORE$",
        "sendOtpResTemplate":"resident/SendOTP/createSendOTPResult",
        "maskedEmail": "$IGNORE$"
    }
}'
   Resident_AuthLock_Missing_Timestamp_Neg:
      endPoint: /resident/v1/req/auth-lock
      role: resident
      restMethod: post
      checkErrorsOnlyInResponse: true
      inputTemplate: resident/AuthLock/createAuthLock
      outputTemplate: resident/error
      input: '{
        "transactionID": "$TRANSACTIONID$",
        "individualId": "$ID:AddIdentity_withValidParameters_smoke_Pos_UIN$",
        "individualIdType": "UIN",
        "requesttime": "$REMOVE$",
        "id": "mosip.resident.authlock",
        "version": "v1",
        "authType": [{auth: "bio-FACE"}],
        "otp": "$ID:AddIdentity_withValidParameters_smoke_Pos_EMAIL$",
        "sendOtp":{
    "transactionID": "$TRANSACTIONID$",
    "requestTime": "$TIMESTAMP$",
    "individualId": "$ID:AddIdentity_withValidParameters_smoke_Pos_UIN$",
    "individualIdType": "UIN",
    "sendOtpReqTemplate": "resident/SendOTP/createSendOTP",
    "sendOtpEndPoint": "/resident/v1/req/otp"
    }
    }'
      output: '{
   "errors": [
    {
      "errorCode": "RES-SER-410",
      "message": "$IGNORE$"
    }
  ],
  "sendOtpResp":{
        "maskedMobile": "$IGNORE$",
        "sendOtpResTemplate":"resident/SendOTP/createSendOTPResult",
        "maskedEmail": "$IGNORE$"
    }
}'

   Resident_AuthLock_Invalid_Authtype_Otp_VID_Neg:
      endPoint: /resident/v1/req/auth-lock
      role: resident
      restMethod: post
      checkErrorsOnlyInResponse: true
      inputTemplate: resident/AuthLock/createAuthLock
      outputTemplate: resident/error
      input: '{
        "transactionID": "$TRANSACTIONID$",
        "individualId": "$ID:GenerateVID_All_Valid_Smoke_Perpetual_sid_vid$",
        "individualIdType": "VID",
        "requesttime": "$TIMESTAMP$",
        "id": "mosip.resident.authlock",
        "version": "v1",
        "authType": [{auth: "otp"}],
        "otp": "$ID:AddIdentity_ValidParam_smoke_Pos_EMAIL$",
        "sendOtp":{
    "transactionID": "$TRANSACTIONID$",
    "requestTime": "$TIMESTAMP$",
    "individualId": "$ID:GenerateVID_All_Valid_Smoke_Perpetual_sid_vid$",
    "individualIdType": "VID",
    "sendOtpReqTemplate": "resident/SendOTP/createSendOTP",
    "sendOtpEndPoint": "/resident/v1/req/otp"
    }
    }'
      output: '{
  "errors": [
    {
      "errorCode": "RES-SER-410",
      "message": "$IGNORE$"
    }
  ],
  "sendOtpResp":{
        "maskedMobile": "$IGNORE$",
        "sendOtpResTemplate":"resident/SendOTP/createSendOTPResult",
        "maskedEmail": "$IGNORE$"
    }
}'

   Resident_AuthLock_Empty_UIN_Neg:
      endPoint: /resident/v1/req/auth-lock
      role: resident
      restMethod: post
      checkErrorsOnlyInResponse: true
      inputTemplate: resident/AuthLock/createAuthLock
      outputTemplate: resident/error
      input: '{
        "transactionID": "$TRANSACTIONID$",
        "individualId": "",
        "individualIdType": "UIN",
        "requesttime": "$TIMESTAMP$",
        "id": "mosip.resident.authlock",
        "version": "v1",
        "authType": [{auth: "bio-FACE"}],
        "otp": "$ID:AddIdentity_Valid_Params_smoke_Pos_EMAIL$",
        "sendOtp":{
    "transactionID": "$TRANSACTIONID$",
    "requestTime": "$TIMESTAMP$",
    "individualId": "$ID:AddIdentity_Valid_Params_smoke_Pos_UIN$",
    "individualIdType": "UIN",
    "sendOtpReqTemplate": "resident/SendOTP/createSendOTP",
    "sendOtpEndPoint": "/resident/v1/req/otp"
    }
    }'
      output: '{
   "errors": [
    {
      "errorCode": "RES-SER-410",
      "message": "$IGNORE$"
    }
  ],
  "sendOtpResp":{
        "maskedMobile": "$IGNORE$",
        "sendOtpResTemplate":"resident/SendOTP/createSendOTPResult",
        "maskedEmail": "$IGNORE$"
    }
}'
   Resident_AuthLock_Empty_OTP_Neg:
      endPoint: /resident/v1/req/auth-lock
      role: resident
      restMethod: post
      checkErrorsOnlyInResponse: true
      inputTemplate: resident/AuthLock/createAuthLock
      outputTemplate: resident/error
      input: '{
        "transactionID": "$TRANSACTIONID$",
        "individualId": "$ID:AddIdentity_Valid_Params_smoke_Pos_UIN$",
        "individualIdType": "UIN",
        "requesttime": "$TIMESTAMP$",
        "id": "mosip.resident.authlock",
        "version": "v1",
        "authType": [{auth: "bio-FACE"}],
        "otp": "",
        "sendOtp":{
    "transactionID": "$TRANSACTIONID$",
    "requestTime": "$TIMESTAMP$",
    "individualId": "$ID:AddIdentity_Valid_Params_smoke_Pos_UIN$",
    "individualIdType": "UIN",
    "sendOtpReqTemplate": "resident/SendOTP/createSendOTP",
    "sendOtpEndPoint": "/resident/v1/req/otp"
    }
    }'
      output: '{
   "errors": [
    {
      "errorCode": "RES-SER-410",
      "message": "$IGNORE$"
    }
  ],
  "sendOtpResp":{
        "maskedMobile": "$IGNORE$",
        "sendOtpResTemplate":"resident/SendOTP/createSendOTPResult",
        "maskedEmail": "$IGNORE$"
    }
}'
   Resident_AuthLock_Empty_TransactionId_Neg:
      endPoint: /resident/v1/req/auth-lock
      role: resident
      restMethod: post
      checkErrorsOnlyInResponse: true
      inputTemplate: resident/AuthLock/createAuthLock
      outputTemplate: resident/error
      input: '{
        "transactionID": "",
        "individualId": "$ID:AddIdentity_Valid_Params_smoke_Pos_UIN$",
        "individualIdType": "UIN",
        "requesttime": "$TIMESTAMP$",
        "id": "mosip.resident.authlock",
        "version": "v1",
        "authType": [{auth: "bio-FACE"}],
        "otp": "$ID:AddIdentity_Valid_Params_smoke_Pos_EMAIL$",
        "sendOtp":{
    "transactionID": "$TRANSACTIONID$",
    "requestTime": "$TIMESTAMP$",
    "individualId": "$ID:AddIdentity_Valid_Params_smoke_Pos_UIN$",
    "individualIdType": "UIN",
    "sendOtpReqTemplate": "resident/SendOTP/createSendOTP",
    "sendOtpEndPoint": "/resident/v1/req/otp"
    }
    }'
      output: '{
   "errors": [
    {
      "errorCode": "RES-SER-410",
      "message": "$IGNORE$"
    }
  ],
  "sendOtpResp":{
        "maskedMobile": "$IGNORE$",
        "sendOtpResTemplate":"resident/SendOTP/createSendOTPResult",
        "maskedEmail": "$IGNORE$"
    }
}'
   Resident_AuthLock_Empty_Id_Neg:
      endPoint: /resident/v1/req/auth-lock
      role: resident
      restMethod: post
      checkErrorsOnlyInResponse: true
      inputTemplate: resident/AuthLock/createAuthLock
      outputTemplate: resident/error
      input: '{
        "transactionID": "$TRANSACTIONID$",
        "individualId": "$ID:AddIdentity_Valid_Params_smoke_Pos_UIN$",
        "individualIdType": "UIN",
        "requesttime": "$TIMESTAMP$",
        "id": "",
        "version": "v1",
        "authType": [{auth: "bio-FACE"}],
        "otp": "$ID:AddIdentity_Valid_Params_smoke_Pos_EMAIL$",
        "sendOtp":{
    "transactionID": "$TRANSACTIONID$",
    "requestTime": "$TIMESTAMP$",
    "individualId": "$ID:AddIdentity_Valid_Params_smoke_Pos_UIN$",
    "individualIdType": "UIN",
    "sendOtpReqTemplate": "resident/SendOTP/createSendOTP",
    "sendOtpEndPoint": "/resident/v1/req/otp"
    }
    }'
      output: '{
   "errors": [
    {
      "errorCode": "RES-SER-410",
      "message": "$IGNORE$"
    }
  ],
  "sendOtpResp":{
        "maskedMobile": "$IGNORE$",
        "sendOtpResTemplate":"resident/SendOTP/createSendOTPResult",
        "maskedEmail": "$IGNORE$"
    }
}'

   Resident_AuthLock_Empty_requesttime_Neg:
      endPoint: /resident/v1/req/auth-lock
      role: resident
      restMethod: post
      checkErrorsOnlyInResponse: true
      inputTemplate: resident/AuthLock/createAuthLock
      outputTemplate: resident/error
      input: '{
        "transactionID": "$TRANSACTIONID$",
        "individualId": "$ID:AddIdentity_Valid_Params_smoke_Pos_UIN$",
        "individualIdType": "UIN",
        "requesttime": "",
        "id": "mosip.resident.authlock",
        "version": "v1",
        "authType": [{auth: "bio-FACE"}],
        "otp": "$ID:AddIdentity_Valid_Params_smoke_Pos_EMAIL$",
        "sendOtp":{
    "transactionID": "$TRANSACTIONID$",
    "requestTime": "$TIMESTAMP$",
    "individualId": "$ID:AddIdentity_Valid_Params_smoke_Pos_UIN$",
    "individualIdType": "UIN",
    "sendOtpReqTemplate": "resident/SendOTP/createSendOTP",
    "sendOtpEndPoint": "/resident/v1/req/otp"
    }
    }'
      output: '{
   "errors": [
    {
      "errorCode": "RES-SER-410",
      "message": "$IGNORE$"
    }
  ],
  "sendOtpResp":{
        "maskedMobile": "$IGNORE$",
        "sendOtpResTemplate":"resident/SendOTP/createSendOTPResult",
        "maskedEmail": "$IGNORE$"
    }
}'

   Resident_AuthLock_Empty_version_Pos:
      endPoint: /resident/v1/req/auth-lock
      role: resident
      restMethod: post
      checkErrorsOnlyInResponse: true
      inputTemplate: resident/AuthLock/createAuthLock
      outputTemplate: resident/AuthLock/createAuthLockResult
      input: '{
        "transactionID": "$TRANSACTIONID$",
        "individualId": "$ID:AddIdentity_Valid_Params_smoke_Pos_UIN$",
        "individualIdType": "UIN",
        "requesttime": "$TIMESTAMP$",
        "id": "mosip.resident.authlock",
        "version": "v1",
        "authType": [{auth: "bio-FACE"}],
        "otp": "$ID:AddIdentity_Valid_Params_smoke_Pos_EMAIL$",
        "sendOtp":{
    "transactionID": "$TRANSACTIONID$",
    "requestTime": "$TIMESTAMP$",
    "individualId": "$ID:AddIdentity_Valid_Params_smoke_Pos_UIN$",
    "individualIdType": "UIN",
    "sendOtpReqTemplate": "resident/SendOTP/createSendOTP",
    "sendOtpEndPoint": "/resident/v1/req/otp"
    }
    }'
      output: '{
   "registrationId": "$IGNORE$",
  "message": "Notification has been sent to the provided contact detail(s)",
  "sendOtpResp":{
        "maskedMobile": "$IGNORE$",
        "sendOtpResTemplate":"resident/SendOTP/createSendOTPResult",
        "maskedEmail": "$IGNORE$"
    }
}'

   Resident_AuthLock_Valid_UIN_Phone_All:
      endPoint: /resident/v1/req/auth-lock
      role: resident
      restMethod: post
      checkErrorsOnlyInResponse: true
      inputTemplate: resident/AuthLock/createAuthLock
      outputTemplate: resident/AuthLock/createAuthLockResult
      input: '{
        "transactionID": "$TRANSACTIONID$",
        "individualId": "$ID:AddIdentity_ValidParameters_ChannelVerify_smoke_Pos_UIN$",
        "individualIdType": "UIN",
        "requesttime": "$TIMESTAMP$",
        "id": "mosip.resident.authlock",
        "version": "v1",
        "authType": [{auth: "bio-Iris"},{auth: "demo"},{auth: "bio-FACE"}],
        "otp": "$ID:AddIdentity_ValidParameters_ChannelVerify_smoke_Pos_EMAIL$",
        "sendOtp":{
    "transactionID": "$TRANSACTIONID$",
    "requestTime": "$TIMESTAMP$",
    "individualId": "$ID:AddIdentity_ValidParameters_ChannelVerify_smoke_Pos_UIN$",
    "individualIdType": "UIN",
    "sendOtpReqTemplate": "resident/SendOTP/createSendOTPAsPhone",
    "sendOtpEndPoint": "/resident/v1/req/otp"
    }
    }'
      output: '{
  "sendOtpResp":{
        "maskedMobile": "$IGNORE$",
        "sendOtpResTemplate":"resident/SendOTP/createSendOTPResultForPhone"
    }
}'

   Resident_AuthLock_Valid_UIN_Email_All:
      endPoint: /resident/v1/req/auth-lock
      role: resident
      restMethod: post
      checkErrorsOnlyInResponse: true
      inputTemplate: resident/AuthLock/createAuthLock
      outputTemplate: resident/AuthLock/createAuthLockResult
      input: '{
        "transactionID": "$TRANSACTIONID$",
        "individualId": "$ID:AddIdentity_ValidParameters_ChannelVerify_smoke_Pos_UIN$",
        "individualIdType": "UIN",
        "requesttime": "$TIMESTAMP$",
        "id": "mosip.resident.authlock",
        "version": "v1",
        "authType": [{auth: "bio-Iris"},{auth: "demo"},{auth: "bio-FACE"}],
        "otp": "$ID:AddIdentity_ValidParameters_ChannelVerify_smoke_Pos_EMAIL$",
        "sendOtp":{
    "transactionID": "$TRANSACTIONID$",
    "requestTime": "$TIMESTAMP$",
    "individualId": "$ID:AddIdentity_ValidParameters_ChannelVerify_smoke_Pos_UIN$",
    "individualIdType": "UIN",
    "sendOtpReqTemplate": "resident/SendOTP/createSendOTPAsEmail",
    "sendOtpEndPoint": "/resident/v1/req/otp"
    }
    }'
      output: '{
  "sendOtpResp":{
        "sendOtpResTemplate":"resident/SendOTP/createSendOTPResultForEmail",
        "maskedEmail": "$IGNORE$"
    }
}'

   Resident_AuthLock_Valid_UIN_EmptyChannel_Neg:
      endPoint: /resident/v1/req/auth-lock
      role: resident
      restMethod: post
      checkErrorsOnlyInResponse: true
      inputTemplate: resident/AuthLock/createAuthLock
      outputTemplate: resident/error
      input: '{
        "transactionID": "$TRANSACTIONID$",
        "individualId": "$ID:AddIdentity_ValidParameters_ChannelVerify_smoke_Pos_UIN$",
        "individualIdType": "UIN",
        "requesttime": "$TIMESTAMP$",
        "id": "mosip.resident.authlock",
        "version": "v1",
        "authType": [{auth: "bio-Iris"},{auth: "demo"},{auth: "bio-FACE"}],
        "otp": "$ID:AddIdentity_ValidParameters_ChannelVerify_smoke_Pos_EMAIL$",
        "sendOtp":{
    "transactionID": "$TRANSACTIONID$",
    "requestTime": "$TIMESTAMP$",
    "individualId": "$ID:AddIdentity_ValidParameters_ChannelVerify_smoke_Pos_UIN$",
    "individualIdType": "UIN",
    "sendOtpReqTemplate": "resident/SendOTP/createSendOTPAsEmpty",
    "sendOtpEndPoint": "/resident/v1/req/otp"
    }
    }'
      output: '{
  "errors": [
    {
      "errorCode": "RES-SER-422"
    }
  ],
  "sendOtpResp":{
    "errors": [
    {
      "errorCode": "IDA-OTA-008",
      "message": "$IGNORE$"
    }
  ],
        "sendOtpResTemplate":"resident/error"
    }
}'

   Resident_AuthLock_Valid_UIN_Transactions_All:
      endPoint: /resident/v1/req/auth-lock
      role: resident
      restMethod: post
      checkErrorsOnlyInResponse: true
      inputTemplate: resident/AuthLock/createAuthLock
      outputTemplate: resident/AuthLock/createAuthLockResult
      input: '{
        "transactionID": "$TRANSACTIONID$",
        "individualId": "$ID:AddIdentity_withValidParameters_To_Check_Ten_Transactions_smoke_Pos_UIN$",
        "individualIdType": "UIN",
        "requesttime": "$TIMESTAMP$",
        "id": "mosip.resident.authlock",
        "version": "v1",
        "authType": [{auth: "bio-Iris"},{auth: "demo"},{auth: "bio-FACE"}],
        "otp": "$ID:AddIdentity_withValidParameters_To_Check_Ten_Transactions_smoke_Pos_EMAIL$",
        "sendOtp":{
    "transactionID": "$TRANSACTIONID$",
    "requestTime": "$TIMESTAMP$",
    "individualId": "$ID:AddIdentity_withValidParameters_To_Check_Ten_Transactions_smoke_Pos_UIN$",
    "individualIdType": "UIN",
    "sendOtpReqTemplate": "resident/SendOTP/createSendOTP",
    "sendOtpEndPoint": "/resident/v1/req/otp"
    }
    }'
      output: '{
  "sendOtpResp":{
        "maskedMobile": "$IGNORE$",
        "sendOtpResTemplate":"resident/SendOTP/createSendOTPResult",
        "maskedEmail": "$IGNORE$"
    }
}'

   Resident_AuthLock_Valid_UIN_Transactions_Second_All:
      endPoint: /resident/v1/req/auth-lock
      role: resident
      restMethod: post
      checkErrorsOnlyInResponse: true
      inputTemplate: resident/AuthLock/createAuthLock
      outputTemplate: resident/AuthLock/createAuthLockResult
      input: '{
        "transactionID": "$TRANSACTIONID$",
        "individualId": "$ID:AddIdentity_withValidParameters_To_Check_Ten_Transactions_smoke_Pos_UIN$",
        "individualIdType": "UIN",
        "requesttime": "$TIMESTAMP$",
        "id": "mosip.resident.authlock",
        "version": "v1",
        "authType": [{auth: "bio-Iris"},{auth: "demo"},{auth: "bio-FACE"}],
        "otp": "$ID:AddIdentity_withValidParameters_To_Check_Ten_Transactions_smoke_Pos_EMAIL$",
        "sendOtp":{
    "transactionID": "$TRANSACTIONID$",
    "requestTime": "$TIMESTAMP$",
    "individualId": "$ID:AddIdentity_withValidParameters_To_Check_Ten_Transactions_smoke_Pos_UIN$",
    "individualIdType": "UIN",
    "sendOtpReqTemplate": "resident/SendOTP/createSendOTP",
    "sendOtpEndPoint": "/resident/v1/req/otp"
    }
    }'
      output: '{
  "sendOtpResp":{
        "maskedMobile": "$IGNORE$",
        "sendOtpResTemplate":"resident/SendOTP/createSendOTPResult",
        "maskedEmail": "$IGNORE$"
    }
}'